github.com/davecgh/go-spew v1.1.1 h1:vj9j/u1bqnvCEfJOwUhtlOARqs3+rkHYY13jYWTU97c=
github.com/davecgh/go-spew v1.1.1/go.mod h1:J7Y8YcW2NihsgmVo/mv3lAwl/skON4iLHjSsI+c5H38=
github.com/dustin/go-humanize v1.0.0 h1:VSnTsYCnlFHaM2/igO1h6X3HA71jcobQuxemgkq4zYo=
github.com/dustin/go-humanize v1.0.0/go.mod h1:HtrtbFcZ19U5GC7JDqmcUSB87Iq5E25KnS6fMYU6eOk=
github.com/gizak/termui v2.2.0+incompatible h1:qvZU9Xll/Xd/Xr/YO+HfBKXhy8a8/94ao6vV9DSXzUE=
github.com/gizak/termui v2.2.0+incompatible/go.mod h1:PkJoWUt/zacQKysNfQtcw1RW+eK2SxkieVBtl+4ovLA=
github.com/guptarohit/asciigraph v0.4.1 h1:YHmCMN8VH81BIUIgTg2Fs3B52QDxNZw2RQ6j5pGoSxo=
github.com/guptarohit/asciigraph v0.4.1/go.mod h1:9fYEfE5IGJGxlP1B+w8wHFy7sNZMhPtn59f0RLtpRFM=
github.com/inconshreveable/mousetrap v1.0.0 h1:Z8tu5sraLXCXIcARxBp/8cbvlwVa7Z1NHg9XEKhtSvM=
github.com/inconshreveable/mousetrap v1.0.0/go.mod h1:PxqpIevigyE2G7u3NXJIT2ANytuPF1OarO4DADm73n8=
github.com/maruel/panicparse v1.1.1 h1:k62YPcEoLncEEpjMt92GtG5ugb8WL/510Ys3/h5IkRc=
github.com/maruel/panicparse v1.1.1/go.mod h1:nty42YY5QByNC5MM7q/nj938VbgPU7avs45z6NClpxI=
github.com/mattn/go-runewidth v0.0.3 h1:a+kO+98RDGEfo6asOGMmpodZq4FNtnGP54yps8BzLR4=
github.com/mattn/go-runewidth v0.0.3/go.mod h1:LwmH8dsx7+W8Uxz3IHJYH5QSwggIsqBzpuz5H//U1FU=
github.com/mitchellh/go-wordwrap v1.0.0 h1:6GlHJ/LTGMrIJbwgdqdl2eEH8o+Exx/0m8ir9Gns0u4=
github.com/mitchellh/go-wordwrap v1.0.0/go.mod h1:ZXFpozHsX6DPmq2I0TCekCxypsnAUbP2oI0UX1GXzOo=
github.com/nsf/termbox-go v0.0.0-20180819125858-b66b20ab708e h1:fvw0uluMptljaRKSU8459cJ4bmi3qUYyMs5kzpic2fY=
github.com/nsf/termbox-go v0.0.0-20180819125858-b66b20ab708e/go.mod h1:IuKpRQcYE1Tfu+oAQqaLisqDeXgjyyltCfsaoYN18NQ=
github.com/olekukonko/tablewriter v0.0.0-20180506121414-d4647c9c7a84 h1:fiKJgB4JDUd43CApkmCeTSQlWjtTtABrU2qsgbuP0BI=
github.com/olekukonko/tablewriter v0.0.0-20180506121414-d4647c9c7a84/go.mod h1:vsDQFd/mU46D+Z4whnwzcISnGGzXWMclvtLoiIKAKIo=
github.com/piquette/finance-go v0.0.0-20180830042640-1cd0201341aa h1:pYwQMPRPXmo4zGfkf76tbeyv5o0BT674+cHSRj73YLk=
github.com/piquette/finance-go v0.0.0-20180830042640-1cd0201341aa/go.mod h1:H51NoGFnfu41Un/Fp0aAhS2lLRFBiiwHhMsV59bXAI0=
github.com/pmezard/go-difflib v1.0.0 h1:4DBwDE0NGyQoBHbLQYPwSUPoCMWR5BEzIk/f1lZbAQM=
github.com/pmezard/go-difflib v1.0.0/go.mod h1:iKH77koFhYxTK1pcRnkKkqfTogsbg7gZNVY4sRDYZ/4=
github.com/shopspring/decimal v0.0.0-20180709203117-cd690d0c9e24 h1:pntxY8Ary0t43dCZ5dqY4YTJCObLY1kIXl0uzMv+7DE=
github.com/shopspring/decimal v0.0.0-20180709203117-cd690d0c9e24/go.mod h1:M+9NzErvs504Cn4c5DxATwIqPbtswREoFCre64PpcG4=
github.com/spf13/cobra v0.0.3 h1:ZlrZ4XsMRm04Fr5pSFxBgfND2EBVa1nLpiy1stUsX/8=
github.com/spf13/cobra v0.0.3/go.mod h1:1l0Ry5zgKvJasoi3XT1TypsSe7PqH0Sj9dhYf7v3XqQ=
github.com/spf13/pflag v1.0.2 h1:Fy0orTDgHdbnzHcsOgfCN4LtHf0ec3wwtiwJqwvf3Gc=
github.com/spf13/pflag v1.0.2/go.mod h1:DYY7MBk1bdzusC3SYhjObp+wFpr4gzcvqqNjLnInEg4=
github.com/stretchr/testify v1.2.2 h1:bSDNvY7ZPG5RlJ8otE/7V6gMiyenm9RtJ7IUVIAoJ1w=
github.com/stretchr/testify v1.2.2/go.mod h1:a8OnRcib4nhh0OaRAV+Yts87kKdq0PP7pXfy6kDkUVs=
